
Microsoft Visual Studio Solution File, Format Version 12.00
# Visual Studio 15
VisualStudioVersion = 15.0.28307.271
MinimumVisualStudioVersion = 10.0.40219.1
Project("{FAE04EC0-301F-11D3-BF4B-00C04F79EFBC}") = "CorrectLogin", "CorrectLogin\CorrectLogin.csproj", "{7E1F5A18-3D9D-4EC1-A778-78376A77E5C5}"
EndProject
Project("{FAE04EC0-301F-11D3-BF4B-00C04F79EFBC}") = "ClassMessage", "ClassMessage\ClassMessage.csproj", "{6F2F364C-F38A-42F9-A5A5-AFBE3EABBB16}"
EndProject
Project("{FAE04EC0-301F-11D3-BF4B-00C04F79EFBC}") = "AnotherSringHaveSameLetters", "AnotherSringHaveSameLetters\AnotherSringHaveSameLetters.csproj", "{5C158DD3-FFA6-473E-99A4-B6A97CA76E4B}"
EndProject
Project("{FAE04EC0-301F-11D3-BF4B-00C04F79EFBC}") = "ThreeWorstPupils", "ThreeWorstPupils\ThreeWorstPupils.csproj", "{560A970D-1F8D-4C89-B64C-637B9BC985C2}"
EndProject
Global
	GlobalSection(SolutionConfigurationPlatforms) = preSolution
		Debug|Any CPU = Debug|Any CPU
		Release|Any CPU = Release|Any CPU
	EndGlobalSection
	GlobalSection(ProjectConfigurationPlatforms) = postSolution
		{7E1F5A18-3D9D-4EC1-A778-78376A77E5C5}.Debug|Any CPU.ActiveCfg = Debug|Any CPU
		{7E1F5A18-3D9D-4EC1-A778-78376A77E5C5}.Debug|Any CPU.Build.0 = Debug|Any CPU
		{7E1F5A18-3D9D-4EC1-A778-78376A77E5C5}.Release|Any CPU.ActiveCfg = Release|Any CPU
		{7E1F5A18-3D9D-4EC1-A778-78376A77E5C5}.Release|Any CPU.Build.0 = Release|Any CPU
		{6F2F364C-F38A-42F9-A5A5-AFBE3EABBB16}.Debug|Any CPU.ActiveCfg = Debug|Any CPU
		{6F2F364C-F38A-42F9-A5A5-AFBE3EABBB16}.Debug|Any CPU.Build.0 = Debug|Any CPU
		{6F2F364C-F38A-42F9-A5A5-AFBE3EABBB16}.Release|Any CPU.ActiveCfg = Release|Any CPU
		{6F2F364C-F38A-42F9-A5A5-AFBE3EABBB16}.Release|Any CPU.Build.0 = Release|Any CPU
		{5C158DD3-FFA6-473E-99A4-B6A97CA76E4B}.Debug|Any CPU.ActiveCfg = Debug|Any CPU
		{5C158DD3-FFA6-473E-99A4-B6A97CA76E4B}.Debug|Any CPU.Build.0 = Debug|Any CPU
		{5C158DD3-FFA6-473E-99A4-B6A97CA76E4B}.Release|Any CPU.ActiveCfg = Release|Any CPU
		{5C158DD3-FFA6-473E-99A4-B6A97CA76E4B}.Release|Any CPU.Build.0 = Release|Any CPU
		{560A970D-1F8D-4C89-B64C-637B9BC985C2}.Debug|Any CPU.ActiveCfg = Debug|Any CPU
		{560A970D-1F8D-4C89-B64C-637B9BC985C2}.Debug|Any CPU.Build.0 = Debug|Any CPU
		{560A970D-1F8D-4C89-B64C-637B9BC985C2}.Release|Any CPU.ActiveCfg = Release|Any CPU
		{560A970D-1F8D-4C89-B64C-637B9BC985C2}.Release|Any CPU.Build.0 = Release|Any CPU
	EndGlobalSection
	GlobalSection(SolutionProperties) = preSolution
		HideSolutionNode = FALSE
	EndGlobalSection
	GlobalSection(ExtensibilityGlobals) = postSolution
		SolutionGuid = {896F59A6-5D29-48F8-899F-D6DCED7FC3DB}
	EndGlobalSection
EndGlobal
